// !$*UTF8*$!
{
	archiveVersion = 1;
	classes = {
	};
	objectVersion = 46;
	objects = {

/* Begin PBXBuildFile section */
		2936DD2F160349A200C53FAC /* UIKit.framework in Frameworks */ = {isa = PBXBuildFile; fileRef = 2936DD2E160349A200C53FAC /* UIKit.framework */; };
		2936DD31160349A200C53FAC /* Foundation.framework in Frameworks */ = {isa = PBXBuildFile; fileRef = 2936DD30160349A200C53FAC /* Foundation.framework */; };
		2936DD33160349A200C53FAC /* CoreGraphics.framework in Frameworks */ = {isa = PBXBuildFile; fileRef = 2936DD32160349A200C53FAC /* CoreGraphics.framework */; };
		2936DD39160349A300C53FAC /* InfoPlist.strings in Resources */ = {isa = PBXBuildFile; fileRef = 2936DD37160349A300C53FAC /* InfoPlist.strings */; };
		2936DD3B160349A300C53FAC /* main.m in Sources */ = {isa = PBXBuildFile; fileRef = 2936DD3A160349A300C53FAC /* main.m */; };
		2936DD3F160349A300C53FAC /* AppDelegate.m in Sources */ = {isa = PBXBuildFile; fileRef = 2936DD3E160349A300C53FAC /* AppDelegate.m */; };
		2936DD42160349A300C53FAC /* MainStoryboard.storyboard in Resources */ = {isa = PBXBuildFile; fileRef = 2936DD40160349A300C53FAC /* MainStoryboard.storyboard */; };
		2936DD45160349A300C53FAC /* ViewController.m in Sources */ = {isa = PBXBuildFile; fileRef = 2936DD44160349A300C53FAC /* ViewController.m */; };
		2936DD5016034A4000C53FAC /* AVFoundation.framework in Frameworks */ = {isa = PBXBuildFile; fileRef = 2936DD4F16034A4000C53FAC /* AVFoundation.framework */; };
		2936DD5316034A4400C53FAC /* MediaPlayer.framework in Frameworks */ = {isa = PBXBuildFile; fileRef = 2936DD5216034A4400C53FAC /* MediaPlayer.framework */; };
		2936DD5A16034A5F00C53FAC /* Default.png in Resources */ = {isa = PBXBuildFile; fileRef = 2936DD5416034A5F00C53FAC /* Default.png */; };
		2936DD5B16034A5F00C53FAC /* Icon.png in Resources */ = {isa = PBXBuildFile; fileRef = 2936DD5516034A5F00C53FAC /* Icon.png */; };
		2936DD5C16034A5F00C53FAC /* loadingbutton.png in Resources */ = {isa = PBXBuildFile; fileRef = 2936DD5616034A5F00C53FAC /* loadingbutton.png */; };
		2936DD5D16034A5F00C53FAC /* pausebutton.png in Resources */ = {isa = PBXBuildFile; fileRef = 2936DD5716034A5F00C53FAC /* pausebutton.png */; };
		2936DD5E16034A5F00C53FAC /* playbutton.png in Resources */ = {isa = PBXBuildFile; fileRef = 2936DD5816034A5F00C53FAC /* playbutton.png */; };
		2936DD5F16034A5F00C53FAC /* stopbutton.png in Resources */ = {isa = PBXBuildFile; fileRef = 2936DD5916034A5F00C53FAC /* stopbutton.png */; };
		2936DD6516034AE100C53FAC /* QuartzCore.framework in Frameworks */ = {isa = PBXBuildFile; fileRef = 2936DD6416034AE100C53FAC /* QuartzCore.framework */; };
		2936DD6716034AEE00C53FAC /* AudioToolbox.framework in Frameworks */ = {isa = PBXBuildFile; fileRef = 2936DD6616034AEE00C53FAC /* AudioToolbox.framework */; };
		29C935D6160B681300E1CAAE /* radiomobile-Info.plist in Resources */ = {isa = PBXBuildFile; fileRef = 29C935D5160B681300E1CAAE /* radiomobile-Info.plist */; };
/* End PBXBuildFile section */

/* Begin PBXFileReference section */
		2936DD2A160349A200C53FAC /* radiomobile.app */ = {isa = PBXFileReference; explicitFileType = wrapper.application; includeInIndex = 0; path = radiomobile.app; sourceTree = BUILT_PRODUCTS_DIR; };
		2936DD2E160349A200C53FAC /* UIKit.framework */ = {isa = PBXFileReference; lastKnownFileType = wrapper.framework; name = UIKit.framework; path = System/Library/Frameworks/UIKit.framework; sourceTree = SDKROOT; };
		2936DD30160349A200C53FAC /* Foundation.framework */ = {isa = PBXFileReference; lastKnownFileType = wrapper.framework; name = Foundation.framework; path = System/Library/Frameworks/Foundation.framework; sourceTree = SDKROOT; };
		2936DD32160349A200C53FAC /* CoreGraphics.framework */ = {isa = PBXFileReference; lastKnownFileType = wrapper.framework; name = CoreGraphics.framework; path = System/Library/Frameworks/CoreGraphics.framework; sourceTree = SDKROOT; };
		2936DD38160349A300C53FAC /* en */ = {isa = PBXFileReference; lastKnownFileType = text.plist.strings; name = en; path = en.lproj/InfoPlist.strings; sourceTree = "<group>"; };
		2936DD3A160349A300C53FAC /* main.m */ = {isa = PBXFileReference; lastKnownFileType = sourcecode.c.objc; path = main.m; sourceTree = "<group>"; };
		2936DD3D160349A300C53FAC /* AppDelegate.h */ = {isa = PBXFileReference; lastKnownFileType = sourcecode.c.h; path = AppDelegate.h; sourceTree = "<group>"; };
		2936DD3E160349A300C53FAC /* AppDelegate.m */ = {isa = PBXFileReference; lastKnownFileType = sourcecode.c.objc; path = AppDelegate.m; sourceTree = "<group>"; };
		2936DD41160349A300C53FAC /* en */ = {isa = PBXFileReference; lastKnownFileType = file.storyboard; name = en; path = en.lproj/MainStoryboard.storyboard; sourceTree = "<group>"; };
		2936DD43160349A300C53FAC /* ViewController.h */ = {isa = PBXFileReference; lastKnownFileType = sourcecode.c.h; path = ViewController.h; sourceTree = "<group>"; };
		2936DD44160349A300C53FAC /* ViewController.m */ = {isa = PBXFileReference; lastKnownFileType = sourcecode.c.objc; path = ViewController.m; sourceTree = "<group>"; };
		2936DD4F16034A4000C53FAC /* AVFoundation.framework */ = {isa = PBXFileReference; lastKnownFileType = wrapper.framework; name = AVFoundation.framework; path = System/Library/Frameworks/AVFoundation.framework; sourceTree = SDKROOT; };
		2936DD5216034A4400C53FAC /* MediaPlayer.framework */ = {isa = PBXFileReference; lastKnownFileType = wrapper.framework; name = MediaPlayer.framework; path = System/Library/Frameworks/MediaPlayer.framework; sourceTree = SDKROOT; };
		2936DD5416034A5F00C53FAC /* Default.png */ = {isa = PBXFileReference; lastKnownFileType = image.png; path = Default.png; sourceTree = SOURCE_ROOT; };
		2936DD5516034A5F00C53FAC /* Icon.png */ = {isa = PBXFileReference; lastKnownFileType = image.png; path = Icon.png; sourceTree = SOURCE_ROOT; };
		2936DD5616034A5F00C53FAC /* loadingbutton.png */ = {isa = PBXFileReference; lastKnownFileType = image.png; path = loadingbutton.png; sourceTree = SOURCE_ROOT; };
		2936DD5716034A5F00C53FAC /* pausebutton.png */ = {isa = PBXFileReference; lastKnownFileType = image.png; path = pausebutton.png; sourceTree = SOURCE_ROOT; };
		2936DD5816034A5F00C53FAC /* playbutton.png */ = {isa = PBXFileReference; lastKnownFileType = image.png; path = playbutton.png; sourceTree = SOURCE_ROOT; };
		2936DD5916034A5F00C53FAC /* stopbutton.png */ = {isa = PBXFileReference; lastKnownFileType = image.png; path = stopbutton.png; sourceTree = SOURCE_ROOT; };
		2936DD6416034AE100C53FAC /* QuartzCore.framework */ = {isa = PBXFileReference; lastKnownFileType = wrapper.framework; name = QuartzCore.framework; path = System/Library/Frameworks/QuartzCore.framework; sourceTree = SDKROOT; };
		2936DD6616034AEE00C53FAC /* AudioToolbox.framework */ = {isa = PBXFileReference; lastKnownFileType = wrapper.framework; name = AudioToolbox.framework; path = System/Library/Frameworks/AudioToolbox.framework; sourceTree = SDKROOT; };
		29C935D5160B681300E1CAAE /* radiomobile-Info.plist */ = {isa = PBXFileReference; fileEncoding = 4; lastKnownFileType = text.plist.xml; path = "radiomobile-Info.plist"; sourceTree = "<group>"; };
		29C935DF160B698300E1CAAE /* radiomobile-Prefix.pch */ = {isa = PBXFileReference; fileEncoding = 4; lastKnownFileType = sourcecode.c.h; path = "radiomobile-Prefix.pch"; sourceTree = "<group>"; };
/* End PBXFileReference section */

/* Begin PBXFrameworksBuildPhase section */
		2936DD27160349A200C53FAC /* Frameworks */ = {
			isa = PBXFrameworksBuildPhase;
			buildActionMask = 2147483647;
			files = (
				2936DD6716034AEE00C53FAC /* AudioToolbox.framework in Frameworks */,
				2936DD6516034AE100C53FAC /* QuartzCore.framework in Frameworks */,
				2936DD5316034A4400C53FAC /* MediaPlayer.framework in Frameworks */,
				2936DD5016034A4000C53FAC /* AVFoundation.framework in Frameworks */,
				2936DD2F160349A200C53FAC /* UIKit.framework in Frameworks */,
				2936DD31160349A200C53FAC /* Foundation.framework in Frameworks */,
				2936DD33160349A200C53FAC /* CoreGraphics.framework in Frameworks */,
			);
			runOnlyForDeploymentPostprocessing = 0;
		};
/* End PBXFrameworksBuildPhase section */

/* Begin PBXGroup section */
		2936DD1F160349A200C53FAC = {
			isa = PBXGroup;
			children = (
				2936DD6616034AEE00C53FAC /* AudioToolbox.framework */,
				2936DD6416034AE100C53FAC /* QuartzCore.framework */,
				2936DD5216034A4400C53FAC /* MediaPlayer.framework */,
				2936DD4F16034A4000C53FAC /* AVFoundation.framework */,
				2936DD34160349A200C53FAC /* radiomobile */,
				2936DD2D160349A200C53FAC /* Frameworks */,
				2936DD2B160349A200C53FAC /* Products */,
			);
			sourceTree = "<group>";
		};
		2936DD2B160349A200C53FAC /* Products */ = {
			isa = PBXGroup;
			children = (
				2936DD2A160349A200C53FAC /* radiomobile.app */,
			);
			name = Products;
			sourceTree = "<group>";
		};
		2936DD2D160349A200C53FAC /* Frameworks */ = {
			isa = PBXGroup;
			children = (
				2936DD2E160349A200C53FAC /* UIKit.framework */,
				2936DD30160349A200C53FAC /* Foundation.framework */,
				2936DD32160349A200C53FAC /* CoreGraphics.framework */,
			);
			name = Frameworks;
			sourceTree = "<group>";
		};
		2936DD34160349A200C53FAC /* radiomobile */ = {
			isa = PBXGroup;
			children = (
				2936DD5416034A5F00C53FAC /* Default.png */,
				2936DD5516034A5F00C53FAC /* Icon.png */,
				2936DD5616034A5F00C53FAC /* loadingbutton.png */,
				2936DD5716034A5F00C53FAC /* pausebutton.png */,
				2936DD5816034A5F00C53FAC /* playbutton.png */,
				2936DD5916034A5F00C53FAC /* stopbutton.png */,
				2936DD3D160349A300C53FAC /* AppDelegate.h */,
				2936DD3E160349A300C53FAC /* AppDelegate.m */,
				2936DD40160349A300C53FAC /* MainStoryboard.storyboard */,
				2936DD43160349A300C53FAC /* ViewController.h */,
				2936DD44160349A300C53FAC /* ViewController.m */,
				2936DD35160349A300C53FAC /* Supporting Files */,
			);
			path = radiomobile;
			sourceTree = "<group>";
		};
		2936DD35160349A300C53FAC /* Supporting Files */ = {
			isa = PBXGroup;
			children = (
				29C935DF160B698300E1CAAE /* radiomobile-Prefix.pch */,
				29C935D5160B681300E1CAAE /* radiomobile-Info.plist */,
				2936DD37160349A300C53FAC /* InfoPlist.strings */,
				2936DD3A160349A300C53FAC /* main.m */,
			);
			name = "Supporting Files";
			sourceTree = "<group>";
		};
/* End PBXGroup section */

/* Begin PBXNativeTarget section */
		2936DD29160349A200C53FAC /* radiomobile */ = {
			isa = PBXNativeTarget;
			buildConfigurationList = 2936DD48160349A300C53FAC /* Build configuration list for PBXNativeTarget "radiomobile" */;
			buildPhases = (
				2936DD26160349A200C53FAC /* Sources */,
				2936DD27160349A200C53FAC /* Frameworks */,
				2936DD28160349A200C53FAC /* Resources */,
			);
			buildRules = (
			);
			dependencies = (
			);
			name = radiomobile;
			productName = radiomobile;
			productReference = 2936DD2A160349A200C53FAC /* radiomobile.app */;
			productType = "com.apple.product-type.application";
		};
/* End PBXNativeTarget section */

/* Begin PBXProject section */
		2936DD21160349A200C53FAC /* Project object */ = {
			isa = PBXProject;
			attributes = {
				LastUpgradeCheck = 0440;
				ORGANIZATIONNAME = 127db;
			};
			buildConfigurationList = 2936DD24160349A200C53FAC /* Build configuration list for PBXProject "radiomobile" */;
			compatibilityVersion = "Xcode 3.2";
			developmentRegion = English;
			hasScannedForEncodings = 0;
			knownRegions = (
				en,
			);
			mainGroup = 2936DD1F160349A200C53FAC;
			productRefGroup = 2936DD2B160349A200C53FAC /* Products */;
			projectDirPath = "";
			projectRoot = "";
			targets = (
				2936DD29160349A200C53FAC /* radiomobile */,
			);
		};
/* End PBXProject section */

/* Begin PBXResourcesBuildPhase section */
		2936DD28160349A200C53FAC /* Resources */ = {
			isa = PBXResourcesBuildPhase;
			buildActionMask = 2147483647;
			files = (
				2936DD39160349A300C53FAC /* InfoPlist.strings in Resources */,
				2936DD42160349A300C53FAC /* MainStoryboard.storyboard in Resources */,
				2936DD5A16034A5F00C53FAC /* Default.png in Resources */,
				2936DD5B16034A5F00C53FAC /* Icon.png in Resources */,
				2936DD5C16034A5F00C53FAC /* loadingbutton.png in Resources */,
				2936DD5D16034A5F00C53FAC /* pausebutton.png in Resources */,
				2936DD5E16034A5F00C53FAC /* playbutton.png in Resources */,
				2936DD5F16034A5F00C53FAC /* stopbutton.png in Resources */,
				29C935D6160B681300E1CAAE /* radiomobile-Info.plist in Resources */,
			);
			runOnlyForDeploymentPostprocessing = 0;
		};
/* End PBXResourcesBuildPhase section */

/* Begin PBXSourcesBuildPhase section */
		2936DD26160349A200C53FAC /* Sources */ = {
			isa = PBXSourcesBuildPhase;
			buildActionMask = 2147483647;
			files = (
				2936DD3B160349A300C53FAC /* main.m in Sources */,
				2936DD3F160349A300C53FAC /* AppDelegate.m in Sources */,
				2936DD45160349A300C53FAC /* ViewController.m in Sources */,
			);
			runOnlyForDeploymentPostprocessing = 0;
		};
/* End PBXSourcesBuildPhase section */

/* Begin PBXVariantGroup section */
		2936DD37160349A300C53FAC /* InfoPlist.strings */ = {
			isa = PBXVariantGroup;
			children = (
				2936DD38160349A300C53FAC /* en */,
			);
			name = InfoPlist.strings;
			sourceTree = "<group>";
		};
		2936DD40160349A300C53FAC /* MainStoryboard.storyboard */ = {
			isa = PBXVariantGroup;
			children = (
				2936DD41160349A300C53FAC /* en */,
			);
			name = MainStoryboard.storyboard;
			sourceTree = "<group>";
		};
/* End PBXVariantGroup section */

/* Begin XCBuildConfiguration section */
		2936DD46160349A300C53FAC /* Debug */ = {
			isa = XCBuildConfiguration;
			buildSettings = {
				ALWAYS_SEARCH_USER_PATHS = NO;
				ARCHS = "$(ARCHS_STANDARD_32_BIT)";
				CLANG_CXX_LANGUAGE_STANDARD = "gnu++0x";
				CLANG_ENABLE_OBJC_ARC = YES;
				CLANG_WARN__DUPLICATE_METHOD_MATCH = YES;
				"CODE_SIGN_IDENTITY[sdk=iphoneos*]" = "iPhone Developer";
				COPY_PHASE_STRIP = NO;
				GCC_C_LANGUAGE_STANDARD = gnu99;
				GCC_DYNAMIC_NO_PIC = NO;
				GCC_OPTIMIZATION_LEVEL = 0;
				GCC_PREPROCESSOR_DEFINITIONS = (
					"DEBUG=1",
					"$(inherited)",
				);
				GCC_SYMBOLS_PRIVATE_EXTERN = NO;
				GCC_VERSION = com.apple.compilers.llvm.clang.1_0;
				GCC_WARN_ABOUT_RETURN_TYPE = YES;
				GCC_WARN_UNINITIALIZED_AUTOS = YES;
				GCC_WARN_UNUSED_VARIABLE = YES;
				IPHONEOS_DEPLOYMENT_TARGET = 5.1;
				SDKROOT = iphoneos;
			};
			name = Debug;
		};
		2936DD47160349A300C53FAC /* Release */ = {
			isa = XCBuildConfiguration;
			buildSettings = {
				ALWAYS_SEARCH_USER_PATHS = NO;
				ARCHS = "$(ARCHS_STANDARD_32_BIT)";
				CLANG_CXX_LANGUAGE_STANDARD = "gnu++0x";
				CLANG_ENABLE_OBJC_ARC = YES;
				CLANG_WARN__DUPLICATE_METHOD_MATCH = YES;
				"CODE_SIGN_IDENTITY[sdk=iphoneos*]" = "iPhone Developer";
				COPY_PHASE_STRIP = YES;
				GCC_C_LANGUAGE_STANDARD = gnu99;
				GCC_VERSION = com.apple.compilers.llvm.clang.1_0;
				GCC_WARN_ABOUT_RETURN_TYPE = YES;
				GCC_WARN_UNINITIALIZED_AUTOS = YES;
				GCC_WARN_UNUSED_VARIABLE = YES;
				IPHONEOS_DEPLOYMENT_TARGET = 5.1;
				OTHER_CFLAGS = "-DNS_BLOCK_ASSERTIONS=1";
				SDKROOT = iphoneos;
				VALIDATE_PRODUCT = YES;
			};
			name = Release;
		};
		2936DD49160349A300C53FAC /* Debug */ = {
			isa = XCBuildConfiguration;
			buildSettings = {
				CODE_SIGN_IDENTITY = "";
				"CODE_SIGN_IDENTITY[sdk=iphoneos*]" = "";
				GCC_PRECOMPILE_PREFIX_HEADER = YES;
				GCC_PREFIX_HEADER = "radiomobile/radiomobile-Prefix.pch";
				INFOPLIST_FILE = "radiomobile/radiomobile-Info.plist";
				PRODUCT_NAME = "$(TARGET_NAME)";
				SKIP_INSTALL = NO;
				WRAPPER_EXTENSION = app;
			};
			name = Debug;
		};
		2936DD4A160349A300C53FAC /* Release */ = {
			isa = XCBuildConfiguration;
			buildSettings = {
				CODE_SIGN_IDENTITY = "";
				"CODE_SIGN_IDENTITY[sdk=iphoneos*]" = "";
				GCC_PRECOMPILE_PREFIX_HEADER = YES;
				GCC_PREFIX_HEADER = "radiomobile/radiomobile-Prefix.pch";
				INFOPLIST_FILE = "radiomobile/radiomobile-Info.plist";
				PRODUCT_NAME = "$(TARGET_NAME)";
				SKIP_INSTALL = NO;
				WRAPPER_EXTENSION = app;
			};
			name = Release;
		};
/* End XCBuildConfiguration section */

/* Begin XCConfigurationList section */
		2936DD24160349A200C53FAC /* Build configuration list for PBXProject "radiomobile" */ = {
			isa = XCConfigurationList;
			buildConfigurations = (
				2936DD46160349A300C53FAC /* Debug */,
				2936DD47160349A300C53FAC /* Release */,
			);
			defaultConfigurationIsVisible = 0;
			defaultConfigurationName = Release;
		};
		2936DD48160349A300C53FAC /* Build configuration list for PBXNativeTarget "radiomobile" */ = {
			isa = XCConfigurationList;
			buildConfigurations = (
				2936DD49160349A300C53FAC /* Debug */,
				2936DD4A160349A300C53FAC /* Release */,
			);
			defaultConfigurationIsVisible = 0;
			defaultConfigurationName = Release;
		};
/* End XCConfigurationList section */
	};
	rootObject = 2936DD21160349A200C53FAC /* Project object */;
}
